{
  "version": 4,
  "terraform_version": "0.14.2",
  "serial": 17,
  "lineage": "390a394f-dd0c-5d5c-d387-188ae7f539b3",
  "outputs": {
    "public_ip": {
      "value": "18.130.253.93",
      "type": "string"
    }
  },
  "resources": [
    {
      "mode": "data",
      "type": "template_file",
      "name": "user_data",
      "provider": "provider[\"registry.terraform.io/hashicorp/template\"]",
      "instances": [
        {
          "schema_version": 0,
          "attributes": {
            "filename": null,
            "id": "d413749bebf201e9f9397250228bb4680fd48ef05ed7d714387a701812b5b5a7",
            "rendered": "#cloud-config\n# Add groups to the system\ngroups:\n  - ubuntu: [root,sys]\n  - crossover\n\n# Add users to the system.\nusers:\n  - default\n  - name: terraform\n    gecos: terraform\n    shell: /bin/bash\n    primary_group: crossover\n    sudo: ALL=(ALL) NOPASSWD:ALL\n    groups: users, admin\n    ssh_import_id:\n    lock_passwd: false\n    ssh_authorized_keys:\n      - ssh-rsa AAAAB3NzaC1yc2EAAAADAQABAAABgQDGKq3D8K982SC56krEECQdXSxRO9r3yEkLmrXE3VVu+m9YYv3mK72FALfTx83oDvf/3l00GRsPK9tGqd2ZXjDKGdbHp5DjqyH24RTrnrWqhoHc/8D0fYLEFiRJsUyinDeNhD1DUzbzAWYbKjoLQNymOWmtpDNmU3mnVhDBQ5aScsX9wp2V9bJrCKegwE0cTj9rsGhxCASXZauDmkYgKZf1D8jKD/O5gncm8KlfLvlGgpKc+eiiK0BA0aBcvCl0QjjiJ5Hg2l7X0Jh6PcwNMtbftZGM+WoaIlGuKadFjF4VzM+SYMnsSDQjz6/lLIP5BQdJAxDXiz5Ogf8P4Dh5VVnFxX3dePWVz5tlwaiQbIL98hd3FCRKCK+EsSKjVn0ObFO7Br3UF2rB0FrL8YU3RQpeMsWglJEDfhNQ8/CGhopMo/zgeWp6I3D0T6X3QV0m0MgClEGQLp1ClOrN/U3mjgLs9kHLPEqGlxmzZiThijJw9D3XBIwcB9jb3Yv9MMbwUss= aizukanne@gmail.com\n\n# Uploads the index file to cloud instance\nruncmd:\n  - sudo su terraform\n  - sudo apt update \u0026\u0026 sudo apt install nginx -y\n  - cd /var/www/html \u0026\u0026 wget https://raw.githubusercontent.com/trilogy-group/sre-rwa/master/task1/index.html",
            "template": "#cloud-config\n# Add groups to the system\ngroups:\n  - ubuntu: [root,sys]\n  - crossover\n\n# Add users to the system.\nusers:\n  - default\n  - name: terraform\n    gecos: terraform\n    shell: /bin/bash\n    primary_group: crossover\n    sudo: ALL=(ALL) NOPASSWD:ALL\n    groups: users, admin\n    ssh_import_id:\n    lock_passwd: false\n    ssh_authorized_keys:\n      - ssh-rsa AAAAB3NzaC1yc2EAAAADAQABAAABgQDGKq3D8K982SC56krEECQdXSxRO9r3yEkLmrXE3VVu+m9YYv3mK72FALfTx83oDvf/3l00GRsPK9tGqd2ZXjDKGdbHp5DjqyH24RTrnrWqhoHc/8D0fYLEFiRJsUyinDeNhD1DUzbzAWYbKjoLQNymOWmtpDNmU3mnVhDBQ5aScsX9wp2V9bJrCKegwE0cTj9rsGhxCASXZauDmkYgKZf1D8jKD/O5gncm8KlfLvlGgpKc+eiiK0BA0aBcvCl0QjjiJ5Hg2l7X0Jh6PcwNMtbftZGM+WoaIlGuKadFjF4VzM+SYMnsSDQjz6/lLIP5BQdJAxDXiz5Ogf8P4Dh5VVnFxX3dePWVz5tlwaiQbIL98hd3FCRKCK+EsSKjVn0ObFO7Br3UF2rB0FrL8YU3RQpeMsWglJEDfhNQ8/CGhopMo/zgeWp6I3D0T6X3QV0m0MgClEGQLp1ClOrN/U3mjgLs9kHLPEqGlxmzZiThijJw9D3XBIwcB9jb3Yv9MMbwUss= aizukanne@gmail.com\n\n# Uploads the index file to cloud instance\nruncmd:\n  - sudo su terraform\n  - sudo apt update \u0026\u0026 sudo apt install nginx -y\n  - cd /var/www/html \u0026\u0026 wget https://raw.githubusercontent.com/trilogy-group/sre-rwa/master/task1/index.html",
            "vars": null
          },
          "sensitive_attributes": []
        }
      ]
    },
    {
      "mode": "managed",
      "type": "aws_instance",
      "name": "crossover1",
      "provider": "provider[\"registry.terraform.io/hashicorp/aws\"]",
      "instances": [
        {
          "schema_version": 1,
          "attributes": {
            "ami": "ami-0d0f5b0433cd46923",
            "arn": "arn:aws:ec2:eu-west-2:985019772236:instance/i-03490358f32547de9",
            "associate_public_ip_address": true,
            "availability_zone": "eu-west-2a",
            "cpu_core_count": 1,
            "cpu_threads_per_core": 1,
            "credit_specification": [
              {
                "cpu_credits": "standard"
              }
            ],
            "disable_api_termination": false,
            "ebs_block_device": [],
            "ebs_optimized": false,
            "ephemeral_block_device": [],
            "get_password_data": false,
            "hibernation": false,
            "host_id": null,
            "iam_instance_profile": "",
            "id": "i-03490358f32547de9",
            "instance_initiated_shutdown_behavior": null,
            "instance_state": "running",
            "instance_type": "t2.micro",
            "ipv6_address_count": 0,
            "ipv6_addresses": [],
            "key_name": "",
            "metadata_options": [
              {
                "http_endpoint": "enabled",
                "http_put_response_hop_limit": 1,
                "http_tokens": "optional"
              }
            ],
            "monitoring": false,
            "network_interface": [],
            "outpost_arn": "",
            "password_data": "",
            "placement_group": "",
            "primary_network_interface_id": "eni-0be41776b73fd0368",
            "private_dns": "ip-172-31-27-130.eu-west-2.compute.internal",
            "private_ip": "172.31.27.130",
            "public_dns": "ec2-18-130-253-93.eu-west-2.compute.amazonaws.com",
            "public_ip": "18.130.253.93",
            "root_block_device": [
              {
                "delete_on_termination": true,
                "device_name": "/dev/sda1",
                "encrypted": false,
                "iops": 100,
                "kms_key_id": "",
                "volume_id": "vol-03c123ba48d128c3d",
                "volume_size": 8,
                "volume_type": "gp2"
              }
            ],
            "secondary_private_ips": [],
            "security_groups": [
              "basicPorts"
            ],
            "source_dest_check": true,
            "subnet_id": "subnet-4773c73d",
            "tags": {},
            "tenancy": "default",
            "timeouts": null,
            "user_data": "78ef867ea2c40e3ffa9cb3eab90a9f01b0609eff",
            "user_data_base64": null,
            "volume_tags": {},
            "vpc_security_group_ids": [
              "sg-00aae1494541de26f"
            ]
          },
          "sensitive_attributes": [],
          "private": "eyJlMmJmYjczMC1lY2FhLTExZTYtOGY4OC0zNDM2M2JjN2M0YzAiOnsiY3JlYXRlIjo2MDAwMDAwMDAwMDAsImRlbGV0ZSI6MTIwMDAwMDAwMDAwMCwidXBkYXRlIjo2MDAwMDAwMDAwMDB9LCJzY2hlbWFfdmVyc2lvbiI6IjEifQ==",
          "dependencies": [
            "data.template_file.user_data"
          ]
        }
      ]
    }
  ]
}
